
Microsoft Visual Studio Solution File, Format Version 12.00
# Visual Studio 2012
Project("{FAE04EC0-301F-11D3-BF4B-00C04F79EFBC}") = "PreprocessDataset", "PreprocessDataset.csproj", "{E0E98E93-B460-4BAE-A90F-1A1BA5931354}"
EndProject
Project("{FAE04EC0-301F-11D3-BF4B-00C04F79EFBC}") = "PreprocessDatasetUnitTest", "..\PreprocessDatasetUnitTest\PreprocessDatasetUnitTest.csproj", "{3792B9ED-842A-40F6-AFA9-EBC2D2DD6B31}"
EndProject
Global
	GlobalSection(SolutionConfigurationPlatforms) = preSolution
		Debug|Any CPU = Debug|Any CPU
		Release|Any CPU = Release|Any CPU
	EndGlobalSection
	GlobalSection(ProjectConfigurationPlatforms) = postSolution
		{E0E98E93-B460-4BAE-A90F-1A1BA5931354}.Debug|Any CPU.ActiveCfg = Debug|Any CPU
		{E0E98E93-B460-4BAE-A90F-1A1BA5931354}.Debug|Any CPU.Build.0 = Debug|Any CPU
		{E0E98E93-B460-4BAE-A90F-1A1BA5931354}.Release|Any CPU.ActiveCfg = Release|Any CPU
		{E0E98E93-B460-4BAE-A90F-1A1BA5931354}.Release|Any CPU.Build.0 = Release|Any CPU
		{3792B9ED-842A-40F6-AFA9-EBC2D2DD6B31}.Debug|Any CPU.ActiveCfg = Debug|Any CPU
		{3792B9ED-842A-40F6-AFA9-EBC2D2DD6B31}.Debug|Any CPU.Build.0 = Debug|Any CPU
		{3792B9ED-842A-40F6-AFA9-EBC2D2DD6B31}.Release|Any CPU.ActiveCfg = Release|Any CPU
		{3792B9ED-842A-40F6-AFA9-EBC2D2DD6B31}.Release|Any CPU.Build.0 = Release|Any CPU
	EndGlobalSection
	GlobalSection(SolutionProperties) = preSolution
		HideSolutionNode = FALSE
	EndGlobalSection
EndGlobal
