
Microsoft Visual Studio Solution File, Format Version 12.00
# Visual Studio 2012
Project("{FAE04EC0-301F-11D3-BF4B-00C04F79EFBC}") = "DigitalFilter", "DigitalFilter.csproj", "{1CCC365B-7880-47D9-95EE-D90BE8E4D356}"
EndProject
Project("{FAE04EC0-301F-11D3-BF4B-00C04F79EFBC}") = "UnitTest", "..\UnitTestProject1\UnitTest.csproj", "{4A7963F6-DA3F-4120-904A-A93EDBB07FE7}"
EndProject
Global
	GlobalSection(SolutionConfigurationPlatforms) = preSolution
		Debug|Any CPU = Debug|Any CPU
		Release|Any CPU = Release|Any CPU
	EndGlobalSection
	GlobalSection(ProjectConfigurationPlatforms) = postSolution
		{1CCC365B-7880-47D9-95EE-D90BE8E4D356}.Debug|Any CPU.ActiveCfg = Debug|Any CPU
		{1CCC365B-7880-47D9-95EE-D90BE8E4D356}.Debug|Any CPU.Build.0 = Debug|Any CPU
		{1CCC365B-7880-47D9-95EE-D90BE8E4D356}.Release|Any CPU.ActiveCfg = Release|Any CPU
		{1CCC365B-7880-47D9-95EE-D90BE8E4D356}.Release|Any CPU.Build.0 = Release|Any CPU
		{4A7963F6-DA3F-4120-904A-A93EDBB07FE7}.Debug|Any CPU.ActiveCfg = Debug|Any CPU
		{4A7963F6-DA3F-4120-904A-A93EDBB07FE7}.Debug|Any CPU.Build.0 = Debug|Any CPU
		{4A7963F6-DA3F-4120-904A-A93EDBB07FE7}.Release|Any CPU.ActiveCfg = Release|Any CPU
		{4A7963F6-DA3F-4120-904A-A93EDBB07FE7}.Release|Any CPU.Build.0 = Release|Any CPU
	EndGlobalSection
	GlobalSection(SolutionProperties) = preSolution
		HideSolutionNode = FALSE
	EndGlobalSection
EndGlobal
